
Microsoft Visual Studio Solution File, Format Version 12.00
# Visual Studio Version 17
VisualStudioVersion = 17.7.34221.43
MinimumVisualStudioVersion = 10.0.40219.1
Project("{FAE04EC0-301F-11D3-BF4B-00C04F79EFBC}") = "ConsoleApp3", "ConsoleApp3\ConsoleApp3.csproj", "{BE2BBCE4-7D51-479C-A43B-8621C87377D6}"
EndProject
Global
	GlobalSection(SolutionConfigurationPlatforms) = preSolution
		Debug|Any CPU = Debug|Any CPU
		Release|Any CPU = Release|Any CPU
	EndGlobalSection
	GlobalSection(ProjectConfigurationPlatforms) = postSolution
		{BE2BBCE4-7D51-479C-A43B-8621C87377D6}.Debug|Any CPU.ActiveCfg = Debug|Any CPU
		{BE2BBCE4-7D51-479C-A43B-8621C87377D6}.Debug|Any CPU.Build.0 = Debug|Any CPU
		{BE2BBCE4-7D51-479C-A43B-8621C87377D6}.Release|Any CPU.ActiveCfg = Release|Any CPU
		{BE2BBCE4-7D51-479C-A43B-8621C87377D6}.Release|Any CPU.Build.0 = Release|Any CPU
	EndGlobalSection
	GlobalSection(SolutionProperties) = preSolution
		HideSolutionNode = FALSE
	EndGlobalSection
	GlobalSection(ExtensibilityGlobals) = postSolution
		SolutionGuid = {7FE8FB09-A1F6-44D3-B598-351CB2FCBE9A}
	EndGlobalSection
EndGlobal
